
Microsoft Visual Studio Solution File, Format Version 12.00
# Visual Studio Version 16
VisualStudioVersion = 16.0.29613.14
MinimumVisualStudioVersion = 10.0.40219.1
Project("{9A19103F-16F7-4668-BE54-9A1E7A4F7556}") = "LibraryApi", "LibraryApi\LibraryApi.csproj", "{B7DE0D27-79BB-4D29-9FC8-7F511C42A476}"
EndProject
Project("{9A19103F-16F7-4668-BE54-9A1E7A4F7556}") = "LibraryApiIntegrationTests", "LibraryApiIntegrationTests\LibraryApiIntegrationTests.csproj", "{90A5ECE0-867E-45E4-96C7-A9000ECD465F}"
EndProject
Project("{9A19103F-16F7-4668-BE54-9A1E7A4F7556}") = "ApiClient", "ConsoleAppApiC1ApiClient\ApiClient.csproj", "{7A794D63-1DF6-4036-BD04-825CA0659A31}"
EndProject
Project("{9A19103F-16F7-4668-BE54-9A1E7A4F7556}") = "RabbitMqUtils", "bes200-rabbitmqutils-master\RabbitMqUtils.csproj", "{62EC24DD-1272-40EB-BF86-B62C37275A30}"
EndProject
Global
	GlobalSection(SolutionConfigurationPlatforms) = preSolution
		Debug|Any CPU = Debug|Any CPU
		Release|Any CPU = Release|Any CPU
	EndGlobalSection
	GlobalSection(ProjectConfigurationPlatforms) = postSolution
		{B7DE0D27-79BB-4D29-9FC8-7F511C42A476}.Debug|Any CPU.ActiveCfg = Debug|Any CPU
		{B7DE0D27-79BB-4D29-9FC8-7F511C42A476}.Debug|Any CPU.Build.0 = Debug|Any CPU
		{B7DE0D27-79BB-4D29-9FC8-7F511C42A476}.Release|Any CPU.ActiveCfg = Release|Any CPU
		{B7DE0D27-79BB-4D29-9FC8-7F511C42A476}.Release|Any CPU.Build.0 = Release|Any CPU
		{90A5ECE0-867E-45E4-96C7-A9000ECD465F}.Debug|Any CPU.ActiveCfg = Debug|Any CPU
		{90A5ECE0-867E-45E4-96C7-A9000ECD465F}.Debug|Any CPU.Build.0 = Debug|Any CPU
		{90A5ECE0-867E-45E4-96C7-A9000ECD465F}.Release|Any CPU.ActiveCfg = Release|Any CPU
		{90A5ECE0-867E-45E4-96C7-A9000ECD465F}.Release|Any CPU.Build.0 = Release|Any CPU
		{7A794D63-1DF6-4036-BD04-825CA0659A31}.Debug|Any CPU.ActiveCfg = Debug|Any CPU
		{7A794D63-1DF6-4036-BD04-825CA0659A31}.Debug|Any CPU.Build.0 = Debug|Any CPU
		{7A794D63-1DF6-4036-BD04-825CA0659A31}.Release|Any CPU.ActiveCfg = Release|Any CPU
		{7A794D63-1DF6-4036-BD04-825CA0659A31}.Release|Any CPU.Build.0 = Release|Any CPU
		{62EC24DD-1272-40EB-BF86-B62C37275A30}.Debug|Any CPU.ActiveCfg = Debug|Any CPU
		{62EC24DD-1272-40EB-BF86-B62C37275A30}.Debug|Any CPU.Build.0 = Debug|Any CPU
		{62EC24DD-1272-40EB-BF86-B62C37275A30}.Release|Any CPU.ActiveCfg = Release|Any CPU
		{62EC24DD-1272-40EB-BF86-B62C37275A30}.Release|Any CPU.Build.0 = Release|Any CPU
	EndGlobalSection
	GlobalSection(SolutionProperties) = preSolution
		HideSolutionNode = FALSE
	EndGlobalSection
	GlobalSection(ExtensibilityGlobals) = postSolution
		SolutionGuid = {63236BD2-8168-4A0D-99F4-DCBA78729B40}
	EndGlobalSection
EndGlobal
