
Microsoft Visual Studio Solution File, Format Version 12.00
# Visual Studio Version 16
VisualStudioVersion = 16.0.29613.14
MinimumVisualStudioVersion = 10.0.40219.1
Project("{FAE04EC0-301F-11D3-BF4B-00C04F79EFBC}") = "LibraryApi", "LibraryApi\LibraryApi.csproj", "{B7DE0D27-79BB-4D29-9FC8-7F511C42A476}"
EndProject
Global
	GlobalSection(SolutionConfigurationPlatforms) = preSolution
		Debug|Any CPU = Debug|Any CPU
		Release|Any CPU = Release|Any CPU
	EndGlobalSection
	GlobalSection(ProjectConfigurationPlatforms) = postSolution
		{B7DE0D27-79BB-4D29-9FC8-7F511C42A476}.Debug|Any CPU.ActiveCfg = Debug|Any CPU
		{B7DE0D27-79BB-4D29-9FC8-7F511C42A476}.Debug|Any CPU.Build.0 = Debug|Any CPU
		{B7DE0D27-79BB-4D29-9FC8-7F511C42A476}.Release|Any CPU.ActiveCfg = Release|Any CPU
		{B7DE0D27-79BB-4D29-9FC8-7F511C42A476}.Release|Any CPU.Build.0 = Release|Any CPU
	EndGlobalSection
	GlobalSection(SolutionProperties) = preSolution
		HideSolutionNode = FALSE
	EndGlobalSection
	GlobalSection(ExtensibilityGlobals) = postSolution
		SolutionGuid = {63236BD2-8168-4A0D-99F4-DCBA78729B40}
	EndGlobalSection
EndGlobal
